// !$*UTF8*$!
{
	archiveVersion = 1;
	classes = {
	};
	objectVersion = 46;
	objects = {

/* Begin PBXBuildFile section */
		357045991DBD59A0008B6688 /* AppDelegate.swift in Sources */ = {isa = PBXBuildFile; fileRef = 357045981DBD59A0008B6688 /* AppDelegate.swift */; };
		3570459E1DBD59A0008B6688 /* Main.storyboard in Resources */ = {isa = PBXBuildFile; fileRef = 3570459C1DBD59A0008B6688 /* Main.storyboard */; };
		357045A01DBD59A0008B6688 /* Assets.xcassets in Resources */ = {isa = PBXBuildFile; fileRef = 3570459F1DBD59A0008B6688 /* Assets.xcassets */; };
		357045A31DBD59A0008B6688 /* LaunchScreen.storyboard in Resources */ = {isa = PBXBuildFile; fileRef = 357045A11DBD59A0008B6688 /* LaunchScreen.storyboard */; };
		35BDB62A1DBFDDE1009E4F51 /* TableViewController.swift in Sources */ = {isa = PBXBuildFile; fileRef = 35BDB6291DBFDDE1009E4F51 /* TableViewController.swift */; };
		35BDB62C1DBFE080009E4F51 /* Base32.swift in Sources */ = {isa = PBXBuildFile; fileRef = 35BDB62B1DBFE080009E4F51 /* Base32.swift */; };
		35CB24A01F9F952900BC56CA /* LKBLECommunication.framework in Frameworks */ = {isa = PBXBuildFile; fileRef = 35CB249E1F9F952600BC56CA /* LKBLECommunication.framework */; };
		35CB24A11F9F952900BC56CA /* LKBLECommunication.framework in Embed Frameworks */ = {isa = PBXBuildFile; fileRef = 35CB249E1F9F952600BC56CA /* LKBLECommunication.framework */; settings = {ATTRIBUTES = (CodeSignOnCopy, RemoveHeadersOnCopy, ); }; };
		35CB24A21F9F952900BC56CA /* LKCrypto_iOS.framework in Frameworks */ = {isa = PBXBuildFile; fileRef = 35CB249F1F9F952600BC56CA /* LKCrypto_iOS.framework */; };
		35CB24A31F9F952900BC56CA /* LKCrypto_iOS.framework in Embed Frameworks */ = {isa = PBXBuildFile; fileRef = 35CB249F1F9F952600BC56CA /* LKCrypto_iOS.framework */; settings = {ATTRIBUTES = (CodeSignOnCopy, RemoveHeadersOnCopy, ); }; };
/* End PBXBuildFile section */

/* Begin PBXCopyFilesBuildPhase section */
		3517954F1E33E71C00AE7E79 /* Embed Frameworks */ = {
			isa = PBXCopyFilesBuildPhase;
			buildActionMask = 2147483647;
			dstPath = "";
			dstSubfolderSpec = 10;
			files = (
				35CB24A31F9F952900BC56CA /* LKCrypto_iOS.framework in Embed Frameworks */,
				35CB24A11F9F952900BC56CA /* LKBLECommunication.framework in Embed Frameworks */,
			);
			name = "Embed Frameworks";
			runOnlyForDeploymentPostprocessing = 0;
		};
/* End PBXCopyFilesBuildPhase section */

/* Begin PBXFileReference section */
		357045951DBD59A0008B6688 /* LKBLECommSampleApp.app */ = {isa = PBXFileReference; explicitFileType = wrapper.application; includeInIndex = 0; path = LKBLECommSampleApp.app; sourceTree = BUILT_PRODUCTS_DIR; };
		357045981DBD59A0008B6688 /* AppDelegate.swift */ = {isa = PBXFileReference; lastKnownFileType = sourcecode.swift; path = AppDelegate.swift; sourceTree = "<group>"; };
		3570459D1DBD59A0008B6688 /* Base */ = {isa = PBXFileReference; lastKnownFileType = file.storyboard; name = Base; path = Base.lproj/Main.storyboard; sourceTree = "<group>"; };
		3570459F1DBD59A0008B6688 /* Assets.xcassets */ = {isa = PBXFileReference; lastKnownFileType = folder.assetcatalog; path = Assets.xcassets; sourceTree = "<group>"; };
		357045A21DBD59A0008B6688 /* Base */ = {isa = PBXFileReference; lastKnownFileType = file.storyboard; name = Base; path = Base.lproj/LaunchScreen.storyboard; sourceTree = "<group>"; };
		357045A41DBD59A0008B6688 /* Info.plist */ = {isa = PBXFileReference; lastKnownFileType = text.plist.xml; path = Info.plist; sourceTree = "<group>"; };
		35BDB6291DBFDDE1009E4F51 /* TableViewController.swift */ = {isa = PBXFileReference; fileEncoding = 4; lastKnownFileType = sourcecode.swift; path = TableViewController.swift; sourceTree = "<group>"; };
		35BDB62B1DBFE080009E4F51 /* Base32.swift */ = {isa = PBXFileReference; fileEncoding = 4; lastKnownFileType = sourcecode.swift; path = Base32.swift; sourceTree = "<group>"; };
		35CB249E1F9F952600BC56CA /* LKBLECommunication.framework */ = {isa = PBXFileReference; lastKnownFileType = wrapper.framework; path = LKBLECommunication.framework; sourceTree = "<group>"; };
		35CB249F1F9F952600BC56CA /* LKCrypto_iOS.framework */ = {isa = PBXFileReference; lastKnownFileType = wrapper.framework; path = LKCrypto_iOS.framework; sourceTree = "<group>"; };
/* End PBXFileReference section */

/* Begin PBXFrameworksBuildPhase section */
		357045921DBD59A0008B6688 /* Frameworks */ = {
			isa = PBXFrameworksBuildPhase;
			buildActionMask = 2147483647;
			files = (
				35CB24A21F9F952900BC56CA /* LKCrypto_iOS.framework in Frameworks */,
				35CB24A01F9F952900BC56CA /* LKBLECommunication.framework in Frameworks */,
			);
			runOnlyForDeploymentPostprocessing = 0;
		};
/* End PBXFrameworksBuildPhase section */

/* Begin PBXGroup section */
		3570458C1DBD59A0008B6688 = {
			isa = PBXGroup;
			children = (
				357045971DBD59A0008B6688 /* LKBLECommSampleApp */,
				357045961DBD59A0008B6688 /* Products */,
				357045AC1DBD5A8D008B6688 /* Libraries */,
			);
			sourceTree = "<group>";
		};
		357045961DBD59A0008B6688 /* Products */ = {
			isa = PBXGroup;
			children = (
				357045951DBD59A0008B6688 /* LKBLECommSampleApp.app */,
			);
			name = Products;
			sourceTree = "<group>";
		};
		357045971DBD59A0008B6688 /* LKBLECommSampleApp */ = {
			isa = PBXGroup;
			children = (
				357045981DBD59A0008B6688 /* AppDelegate.swift */,
				35BDB6291DBFDDE1009E4F51 /* TableViewController.swift */,
				3570459C1DBD59A0008B6688 /* Main.storyboard */,
				3570459F1DBD59A0008B6688 /* Assets.xcassets */,
				357045A11DBD59A0008B6688 /* LaunchScreen.storyboard */,
				357045A41DBD59A0008B6688 /* Info.plist */,
				35BDB62B1DBFE080009E4F51 /* Base32.swift */,
			);
			path = LKBLECommSampleApp;
			sourceTree = "<group>";
		};
		357045AC1DBD5A8D008B6688 /* Libraries */ = {
			isa = PBXGroup;
			children = (
				35CB249E1F9F952600BC56CA /* LKBLECommunication.framework */,
				35CB249F1F9F952600BC56CA /* LKCrypto_iOS.framework */,
			);
			path = Libraries;
			sourceTree = "<group>";
		};
/* End PBXGroup section */

/* Begin PBXNativeTarget section */
		357045941DBD59A0008B6688 /* LKBLECommSampleApp */ = {
			isa = PBXNativeTarget;
			buildConfigurationList = 357045A71DBD59A0008B6688 /* Build configuration list for PBXNativeTarget "LKBLECommSampleApp" */;
			buildPhases = (
				350F5B1F1F94F9C100667498 /* Swiftlint */,
				357045911DBD59A0008B6688 /* Sources */,
				357045921DBD59A0008B6688 /* Frameworks */,
				357045931DBD59A0008B6688 /* Resources */,
				3517954F1E33E71C00AE7E79 /* Embed Frameworks */,
			);
			buildRules = (
			);
			dependencies = (
			);
			name = LKBLECommSampleApp;
			productName = LKBLECommSampleApp;
			productReference = 357045951DBD59A0008B6688 /* LKBLECommSampleApp.app */;
			productType = "com.apple.product-type.application";
		};
/* End PBXNativeTarget section */

/* Begin PBXProject section */
		3570458D1DBD59A0008B6688 /* Project object */ = {
			isa = PBXProject;
			attributes = {
				LastSwiftUpdateCheck = 0800;
				LastUpgradeCheck = 0820;
				ORGANIZATIONNAME = "Loop CE";
				TargetAttributes = {
					357045941DBD59A0008B6688 = {
						CreatedOnToolsVersion = 8.0;
						DevelopmentTeam = 86MG9KVY7T;
						ProvisioningStyle = Automatic;
					};
				};
			};
			buildConfigurationList = 357045901DBD59A0008B6688 /* Build configuration list for PBXProject "LKBLECommSampleApp" */;
			compatibilityVersion = "Xcode 3.2";
			developmentRegion = English;
			hasScannedForEncodings = 0;
			knownRegions = (
				en,
				Base,
			);
			mainGroup = 3570458C1DBD59A0008B6688;
			productRefGroup = 357045961DBD59A0008B6688 /* Products */;
			projectDirPath = "";
			projectRoot = "";
			targets = (
				357045941DBD59A0008B6688 /* LKBLECommSampleApp */,
			);
		};
/* End PBXProject section */

/* Begin PBXResourcesBuildPhase section */
		357045931DBD59A0008B6688 /* Resources */ = {
			isa = PBXResourcesBuildPhase;
			buildActionMask = 2147483647;
			files = (
				357045A31DBD59A0008B6688 /* LaunchScreen.storyboard in Resources */,
				357045A01DBD59A0008B6688 /* Assets.xcassets in Resources */,
				3570459E1DBD59A0008B6688 /* Main.storyboard in Resources */,
			);
			runOnlyForDeploymentPostprocessing = 0;
		};
/* End PBXResourcesBuildPhase section */

/* Begin PBXShellScriptBuildPhase section */
		350F5B1F1F94F9C100667498 /* Swiftlint */ = {
			isa = PBXShellScriptBuildPhase;
			buildActionMask = 2147483647;
			files = (
			);
			inputPaths = (
			);
			name = Swiftlint;
			outputPaths = (
			);
			runOnlyForDeploymentPostprocessing = 0;
			shellPath = /bin/sh;
			shellScript = "if which swiftlint >/dev/null; then\n    swiftlint\nelse\n    echo \"warning: SwiftLint not installed, download from https://github.com/realm/SwiftLint\"\nfi";
		};
/* End PBXShellScriptBuildPhase section */

/* Begin PBXSourcesBuildPhase section */
		357045911DBD59A0008B6688 /* Sources */ = {
			isa = PBXSourcesBuildPhase;
			buildActionMask = 2147483647;
			files = (
				35BDB62A1DBFDDE1009E4F51 /* TableViewController.swift in Sources */,
				357045991DBD59A0008B6688 /* AppDelegate.swift in Sources */,
				35BDB62C1DBFE080009E4F51 /* Base32.swift in Sources */,
			);
			runOnlyForDeploymentPostprocessing = 0;
		};
/* End PBXSourcesBuildPhase section */

/* Begin PBXVariantGroup section */
		3570459C1DBD59A0008B6688 /* Main.storyboard */ = {
			isa = PBXVariantGroup;
			children = (
				3570459D1DBD59A0008B6688 /* Base */,
			);
			name = Main.storyboard;
			sourceTree = "<group>";
		};
		357045A11DBD59A0008B6688 /* LaunchScreen.storyboard */ = {
			isa = PBXVariantGroup;
			children = (
				357045A21DBD59A0008B6688 /* Base */,
			);
			name = LaunchScreen.storyboard;
			sourceTree = "<group>";
		};
/* End PBXVariantGroup section */

/* Begin XCBuildConfiguration section */
		357045A51DBD59A0008B6688 /* Debug */ = {
			isa = XCBuildConfiguration;
			buildSettings = {
				ALWAYS_SEARCH_USER_PATHS = NO;
				CLANG_ANALYZER_NONNULL = YES;
				CLANG_CXX_LANGUAGE_STANDARD = "gnu++0x";
				CLANG_CXX_LIBRARY = "libc++";
				CLANG_ENABLE_MODULES = YES;
				CLANG_ENABLE_OBJC_ARC = YES;
				CLANG_WARN_BOOL_CONVERSION = YES;
				CLANG_WARN_CONSTANT_CONVERSION = YES;
				CLANG_WARN_DIRECT_OBJC_ISA_USAGE = YES_ERROR;
				CLANG_WARN_DOCUMENTATION_COMMENTS = YES;
				CLANG_WARN_EMPTY_BODY = YES;
				CLANG_WARN_ENUM_CONVERSION = YES;
				CLANG_WARN_INFINITE_RECURSION = YES;
				CLANG_WARN_INT_CONVERSION = YES;
				CLANG_WARN_OBJC_ROOT_CLASS = YES_ERROR;
				CLANG_WARN_SUSPICIOUS_MOVE = YES;
				CLANG_WARN_SUSPICIOUS_MOVES = YES;
				CLANG_WARN_UNREACHABLE_CODE = YES;
				CLANG_WARN__DUPLICATE_METHOD_MATCH = YES;
				"CODE_SIGN_IDENTITY[sdk=iphoneos*]" = "iPhone Developer";
				COPY_PHASE_STRIP = NO;
				DEBUG_INFORMATION_FORMAT = dwarf;
				ENABLE_STRICT_OBJC_MSGSEND = YES;
				ENABLE_TESTABILITY = YES;
				GCC_C_LANGUAGE_STANDARD = gnu99;
				GCC_DYNAMIC_NO_PIC = NO;
				GCC_NO_COMMON_BLOCKS = YES;
				GCC_OPTIMIZATION_LEVEL = 0;
				GCC_PREPROCESSOR_DEFINITIONS = (
					"DEBUG=1",
					"$(inherited)",
				);
				GCC_WARN_64_TO_32_BIT_CONVERSION = YES;
				GCC_WARN_ABOUT_RETURN_TYPE = YES_ERROR;
				GCC_WARN_UNDECLARED_SELECTOR = YES;
				GCC_WARN_UNINITIALIZED_AUTOS = YES_AGGRESSIVE;
				GCC_WARN_UNUSED_FUNCTION = YES;
				GCC_WARN_UNUSED_VARIABLE = YES;
				IPHONEOS_DEPLOYMENT_TARGET = 10.0;
				MTL_ENABLE_DEBUG_INFO = YES;
				ONLY_ACTIVE_ARCH = YES;
				SDKROOT = iphoneos;
				SWIFT_ACTIVE_COMPILATION_CONDITIONS = DEBUG;
				SWIFT_OPTIMIZATION_LEVEL = "-Onone";
				TARGETED_DEVICE_FAMILY = "1,2";
			};
			name = Debug;
		};
		357045A61DBD59A0008B6688 /* Release */ = {
			isa = XCBuildConfiguration;
			buildSettings = {
				ALWAYS_SEARCH_USER_PATHS = NO;
				CLANG_ANALYZER_NONNULL = YES;
				CLANG_CXX_LANGUAGE_STANDARD = "gnu++0x";
				CLANG_CXX_LIBRARY = "libc++";
				CLANG_ENABLE_MODULES = YES;
				CLANG_ENABLE_OBJC_ARC = YES;
				CLANG_WARN_BOOL_CONVERSION = YES;
				CLANG_WARN_CONSTANT_CONVERSION = YES;
				CLANG_WARN_DIRECT_OBJC_ISA_USAGE = YES_ERROR;
				CLANG_WARN_DOCUMENTATION_COMMENTS = YES;
				CLANG_WARN_EMPTY_BODY = YES;
				CLANG_WARN_ENUM_CONVERSION = YES;
				CLANG_WARN_INFINITE_RECURSION = YES;
				CLANG_WARN_INT_CONVERSION = YES;
				CLANG_WARN_OBJC_ROOT_CLASS = YES_ERROR;
				CLANG_WARN_SUSPICIOUS_MOVE = YES;
				CLANG_WARN_SUSPICIOUS_MOVES = YES;
				CLANG_WARN_UNREACHABLE_CODE = YES;
				CLANG_WARN__DUPLICATE_METHOD_MATCH = YES;
				"CODE_SIGN_IDENTITY[sdk=iphoneos*]" = "iPhone Developer";
				COPY_PHASE_STRIP = NO;
				DEBUG_INFORMATION_FORMAT = "dwarf-with-dsym";
				ENABLE_NS_ASSERTIONS = NO;
				ENABLE_STRICT_OBJC_MSGSEND = YES;
				GCC_C_LANGUAGE_STANDARD = gnu99;
				GCC_NO_COMMON_BLOCKS = YES;
				GCC_WARN_64_TO_32_BIT_CONVERSION = YES;
				GCC_WARN_ABOUT_RETURN_TYPE = YES_ERROR;
				GCC_WARN_UNDECLARED_SELECTOR = YES;
				GCC_WARN_UNINITIALIZED_AUTOS = YES_AGGRESSIVE;
				GCC_WARN_UNUSED_FUNCTION = YES;
				GCC_WARN_UNUSED_VARIABLE = YES;
				IPHONEOS_DEPLOYMENT_TARGET = 10.0;
				MTL_ENABLE_DEBUG_INFO = NO;
				SDKROOT = iphoneos;
				SWIFT_OPTIMIZATION_LEVEL = "-Owholemodule";
				TARGETED_DEVICE_FAMILY = "1,2";
				VALIDATE_PRODUCT = YES;
			};
			name = Release;
		};
		357045A81DBD59A0008B6688 /* Debug */ = {
			isa = XCBuildConfiguration;
			buildSettings = {
				ASSETCATALOG_COMPILER_APPICON_NAME = AppIcon;
				DEVELOPMENT_TEAM = 86MG9KVY7T;
				ENABLE_BITCODE = NO;
				FRAMEWORK_SEARCH_PATHS = (
					"$(inherited)",
					"$(PROJECT_DIR)/Libraries",
				);
				INFOPLIST_FILE = LKBLECommSampleApp/Info.plist;
				IPHONEOS_DEPLOYMENT_TARGET = 9.3;
				LD_RUNPATH_SEARCH_PATHS = "$(inherited) @executable_path/Frameworks";
				PRODUCT_BUNDLE_IDENTIFIER = br.com.loopkey.LKBLECommSampleApp;
				PRODUCT_NAME = "$(TARGET_NAME)";
				SWIFT_VERSION = 3.0;
			};
			name = Debug;
		};
		357045A91DBD59A0008B6688 /* Release */ = {
			isa = XCBuildConfiguration;
			buildSettings = {
				ASSETCATALOG_COMPILER_APPICON_NAME = AppIcon;
				DEVELOPMENT_TEAM = 86MG9KVY7T;
				ENABLE_BITCODE = NO;
				FRAMEWORK_SEARCH_PATHS = (
					"$(inherited)",
					"$(PROJECT_DIR)/Libraries",
				);
				INFOPLIST_FILE = LKBLECommSampleApp/Info.plist;
				IPHONEOS_DEPLOYMENT_TARGET = 9.3;
				LD_RUNPATH_SEARCH_PATHS = "$(inherited) @executable_path/Frameworks";
				PRODUCT_BUNDLE_IDENTIFIER = br.com.loopkey.LKBLECommSampleApp;
				PRODUCT_NAME = "$(TARGET_NAME)";
				SWIFT_VERSION = 3.0;
			};
			name = Release;
		};
/* End XCBuildConfiguration section */

/* Begin XCConfigurationList section */
		357045901DBD59A0008B6688 /* Build configuration list for PBXProject "LKBLECommSampleApp" */ = {
			isa = XCConfigurationList;
			buildConfigurations = (
				357045A51DBD59A0008B6688 /* Debug */,
				357045A61DBD59A0008B6688 /* Release */,
			);
			defaultConfigurationIsVisible = 0;
			defaultConfigurationName = Release;
		};
		357045A71DBD59A0008B6688 /* Build configuration list for PBXNativeTarget "LKBLECommSampleApp" */ = {
			isa = XCConfigurationList;
			buildConfigurations = (
				357045A81DBD59A0008B6688 /* Debug */,
				357045A91DBD59A0008B6688 /* Release */,
			);
			defaultConfigurationIsVisible = 0;
			defaultConfigurationName = Release;
		};
/* End XCConfigurationList section */
	};
	rootObject = 3570458D1DBD59A0008B6688 /* Project object */;
}
