// !$*UTF8*$!
{
	archiveVersion = 1;
	classes = {
	};
	objectVersion = 55;
	objects = {

/* Begin PBXBuildFile section */
		DD754E182881AFF2003C324D /* SampleiOSApp.swift in Sources */ = {isa = PBXBuildFile; fileRef = DD754E082881AFF1003C324D /* SampleiOSApp.swift */; };
		DD754E1A2881AFF2003C324D /* ContentView.swift in Sources */ = {isa = PBXBuildFile; fileRef = DD754E092881AFF1003C324D /* ContentView.swift */; };
		DD754E1C2881AFF2003C324D /* Assets.xcassets in Resources */ = {isa = PBXBuildFile; fileRef = DD754E0A2881AFF2003C324D /* Assets.xcassets */; };
		DD754E282881B015003C324D /* CoreBluetooth.framework in Frameworks */ = {isa = PBXBuildFile; fileRef = DD754E272881B015003C324D /* CoreBluetooth.framework */; };
		DD754E2A2881B028003C324D /* LKLib-Light.xcframework in Frameworks */ = {isa = PBXBuildFile; fileRef = DD754E292881B028003C324D /* LKLib-Light.xcframework */; };
		DD754E2B2881B028003C324D /* LKLib-Light.xcframework in Embed Frameworks */ = {isa = PBXBuildFile; fileRef = DD754E292881B028003C324D /* LKLib-Light.xcframework */; settings = {ATTRIBUTES = (CodeSignOnCopy, RemoveHeadersOnCopy, ); }; };
		DD754E2E2881B03D003C324D /* LKCrypto_iOS.xcframework in Frameworks */ = {isa = PBXBuildFile; fileRef = DD754E2D2881B03D003C324D /* LKCrypto_iOS.xcframework */; };
		DD754E2F2881B03D003C324D /* LKCrypto_iOS.xcframework in Embed Frameworks */ = {isa = PBXBuildFile; fileRef = DD754E2D2881B03D003C324D /* LKCrypto_iOS.xcframework */; settings = {ATTRIBUTES = (CodeSignOnCopy, RemoveHeadersOnCopy, ); }; };
		DD754E3428857E75003C324D /* UnlockLK.swift in Sources */ = {isa = PBXBuildFile; fileRef = DD754E3328857E75003C324D /* UnlockLK.swift */; };
/* End PBXBuildFile section */

/* Begin PBXCopyFilesBuildPhase section */
		DD754E2C2881B028003C324D /* Embed Frameworks */ = {
			isa = PBXCopyFilesBuildPhase;
			buildActionMask = 2147483647;
			dstPath = "";
			dstSubfolderSpec = 10;
			files = (
				DD754E2B2881B028003C324D /* LKLib-Light.xcframework in Embed Frameworks */,
				DD754E2F2881B03D003C324D /* LKCrypto_iOS.xcframework in Embed Frameworks */,
			);
			name = "Embed Frameworks";
			runOnlyForDeploymentPostprocessing = 0;
		};
/* End PBXCopyFilesBuildPhase section */

/* Begin PBXFileReference section */
		DD754E082881AFF1003C324D /* SampleiOSApp.swift */ = {isa = PBXFileReference; lastKnownFileType = sourcecode.swift; path = SampleiOSApp.swift; sourceTree = "<group>"; };
		DD754E092881AFF1003C324D /* ContentView.swift */ = {isa = PBXFileReference; lastKnownFileType = sourcecode.swift; path = ContentView.swift; sourceTree = "<group>"; };
		DD754E0A2881AFF2003C324D /* Assets.xcassets */ = {isa = PBXFileReference; lastKnownFileType = folder.assetcatalog; path = Assets.xcassets; sourceTree = "<group>"; };
		DD754E0F2881AFF2003C324D /* SampleiOS.app */ = {isa = PBXFileReference; explicitFileType = wrapper.application; includeInIndex = 0; path = SampleiOS.app; sourceTree = BUILT_PRODUCTS_DIR; };
		DD754E272881B015003C324D /* CoreBluetooth.framework */ = {isa = PBXFileReference; lastKnownFileType = wrapper.framework; name = CoreBluetooth.framework; path = Platforms/iPhoneOS.platform/Developer/SDKs/iPhoneOS15.5.sdk/System/Library/Frameworks/CoreBluetooth.framework; sourceTree = DEVELOPER_DIR; };
		DD754E292881B028003C324D /* LKLib-Light.xcframework */ = {isa = PBXFileReference; lastKnownFileType = wrapper.xcframework; name = "LKLib-Light.xcframework"; path = "../lklib-ios/archives/LKLib-Light.xcframework"; sourceTree = "<group>"; };
		DD754E2D2881B03D003C324D /* LKCrypto_iOS.xcframework */ = {isa = PBXFileReference; lastKnownFileType = wrapper.xcframework; name = LKCrypto_iOS.xcframework; path = "../lklib-ios/Carthage/Build/LKCrypto_iOS.xcframework"; sourceTree = "<group>"; };
		DD754E3328857E75003C324D /* UnlockLK.swift */ = {isa = PBXFileReference; lastKnownFileType = sourcecode.swift; path = UnlockLK.swift; sourceTree = "<group>"; };
		DD754E352885838A003C324D /* SampleiOS--iOS--Info.plist */ = {isa = PBXFileReference; lastKnownFileType = text.plist; path = "SampleiOS--iOS--Info.plist"; sourceTree = "<group>"; };
/* End PBXFileReference section */

/* Begin PBXFrameworksBuildPhase section */
		DD754E0C2881AFF2003C324D /* Frameworks */ = {
			isa = PBXFrameworksBuildPhase;
			buildActionMask = 2147483647;
			files = (
				DD754E2E2881B03D003C324D /* LKCrypto_iOS.xcframework in Frameworks */,
				DD754E282881B015003C324D /* CoreBluetooth.framework in Frameworks */,
				DD754E2A2881B028003C324D /* LKLib-Light.xcframework in Frameworks */,
			);
			runOnlyForDeploymentPostprocessing = 0;
		};
/* End PBXFrameworksBuildPhase section */

/* Begin PBXGroup section */
		DD754E022881AFF1003C324D = {
			isa = PBXGroup;
			children = (
				DD754E352885838A003C324D /* SampleiOS--iOS--Info.plist */,
				DD754E072881AFF1003C324D /* Shared */,
				DD754E102881AFF2003C324D /* Products */,
				DD754E262881B014003C324D /* Frameworks */,
			);
			sourceTree = "<group>";
		};
		DD754E072881AFF1003C324D /* Shared */ = {
			isa = PBXGroup;
			children = (
				DD754E082881AFF1003C324D /* SampleiOSApp.swift */,
				DD754E092881AFF1003C324D /* ContentView.swift */,
				DD754E0A2881AFF2003C324D /* Assets.xcassets */,
				DD754E3328857E75003C324D /* UnlockLK.swift */,
			);
			path = Shared;
			sourceTree = "<group>";
		};
		DD754E102881AFF2003C324D /* Products */ = {
			isa = PBXGroup;
			children = (
				DD754E0F2881AFF2003C324D /* SampleiOS.app */,
			);
			name = Products;
			sourceTree = "<group>";
		};
		DD754E262881B014003C324D /* Frameworks */ = {
			isa = PBXGroup;
			children = (
				DD754E2D2881B03D003C324D /* LKCrypto_iOS.xcframework */,
				DD754E292881B028003C324D /* LKLib-Light.xcframework */,
				DD754E272881B015003C324D /* CoreBluetooth.framework */,
			);
			name = Frameworks;
			sourceTree = "<group>";
		};
/* End PBXGroup section */

/* Begin PBXNativeTarget section */
		DD754E0E2881AFF2003C324D /* SampleiOS (iOS) */ = {
			isa = PBXNativeTarget;
			buildConfigurationList = DD754E202881AFF2003C324D /* Build configuration list for PBXNativeTarget "SampleiOS (iOS)" */;
			buildPhases = (
				DD754E0B2881AFF2003C324D /* Sources */,
				DD754E0C2881AFF2003C324D /* Frameworks */,
				DD754E0D2881AFF2003C324D /* Resources */,
				DD754E2C2881B028003C324D /* Embed Frameworks */,
			);
			buildRules = (
			);
			dependencies = (
			);
			name = "SampleiOS (iOS)";
			productName = "SampleiOS (iOS)";
			productReference = DD754E0F2881AFF2003C324D /* SampleiOS.app */;
			productType = "com.apple.product-type.application";
		};
/* End PBXNativeTarget section */

/* Begin PBXProject section */
		DD754E032881AFF1003C324D /* Project object */ = {
			isa = PBXProject;
			attributes = {
				BuildIndependentTargetsInParallel = 1;
				LastSwiftUpdateCheck = 1340;
				LastUpgradeCheck = 1340;
				TargetAttributes = {
					DD754E0E2881AFF2003C324D = {
						CreatedOnToolsVersion = 13.4.1;
					};
				};
			};
			buildConfigurationList = DD754E062881AFF1003C324D /* Build configuration list for PBXProject "SampleiOS" */;
			compatibilityVersion = "Xcode 13.0";
			developmentRegion = en;
			hasScannedForEncodings = 0;
			knownRegions = (
				en,
				Base,
			);
			mainGroup = DD754E022881AFF1003C324D;
			productRefGroup = DD754E102881AFF2003C324D /* Products */;
			projectDirPath = "";
			projectRoot = "";
			targets = (
				DD754E0E2881AFF2003C324D /* SampleiOS (iOS) */,
			);
		};
/* End PBXProject section */

/* Begin PBXResourcesBuildPhase section */
		DD754E0D2881AFF2003C324D /* Resources */ = {
			isa = PBXResourcesBuildPhase;
			buildActionMask = 2147483647;
			files = (
				DD754E1C2881AFF2003C324D /* Assets.xcassets in Resources */,
			);
			runOnlyForDeploymentPostprocessing = 0;
		};
/* End PBXResourcesBuildPhase section */

/* Begin PBXSourcesBuildPhase section */
		DD754E0B2881AFF2003C324D /* Sources */ = {
			isa = PBXSourcesBuildPhase;
			buildActionMask = 2147483647;
			files = (
				DD754E1A2881AFF2003C324D /* ContentView.swift in Sources */,
				DD754E182881AFF2003C324D /* SampleiOSApp.swift in Sources */,
				DD754E3428857E75003C324D /* UnlockLK.swift in Sources */,
			);
			runOnlyForDeploymentPostprocessing = 0;
		};
/* End PBXSourcesBuildPhase section */

/* Begin XCBuildConfiguration section */
		DD754E1E2881AFF2003C324D /* Debug */ = {
			isa = XCBuildConfiguration;
			buildSettings = {
				ALWAYS_SEARCH_USER_PATHS = NO;
				CLANG_ANALYZER_NONNULL = YES;
				CLANG_ANALYZER_NUMBER_OBJECT_CONVERSION = YES_AGGRESSIVE;
				CLANG_CXX_LANGUAGE_STANDARD = "gnu++17";
				CLANG_ENABLE_MODULES = YES;
				CLANG_ENABLE_OBJC_ARC = YES;
				CLANG_ENABLE_OBJC_WEAK = YES;
				CLANG_WARN_BLOCK_CAPTURE_AUTORELEASING = YES;
				CLANG_WARN_BOOL_CONVERSION = YES;
				CLANG_WARN_COMMA = YES;
				CLANG_WARN_CONSTANT_CONVERSION = YES;
				CLANG_WARN_DEPRECATED_OBJC_IMPLEMENTATIONS = YES;
				CLANG_WARN_DIRECT_OBJC_ISA_USAGE = YES_ERROR;
				CLANG_WARN_DOCUMENTATION_COMMENTS = YES;
				CLANG_WARN_EMPTY_BODY = YES;
				CLANG_WARN_ENUM_CONVERSION = YES;
				CLANG_WARN_INFINITE_RECURSION = YES;
				CLANG_WARN_INT_CONVERSION = YES;
				CLANG_WARN_NON_LITERAL_NULL_CONVERSION = YES;
				CLANG_WARN_OBJC_IMPLICIT_RETAIN_SELF = YES;
				CLANG_WARN_OBJC_LITERAL_CONVERSION = YES;
				CLANG_WARN_OBJC_ROOT_CLASS = YES_ERROR;
				CLANG_WARN_QUOTED_INCLUDE_IN_FRAMEWORK_HEADER = YES;
				CLANG_WARN_RANGE_LOOP_ANALYSIS = YES;
				CLANG_WARN_STRICT_PROTOTYPES = YES;
				CLANG_WARN_SUSPICIOUS_MOVE = YES;
				CLANG_WARN_UNGUARDED_AVAILABILITY = YES_AGGRESSIVE;
				CLANG_WARN_UNREACHABLE_CODE = YES;
				CLANG_WARN__DUPLICATE_METHOD_MATCH = YES;
				COPY_PHASE_STRIP = NO;
				DEBUG_INFORMATION_FORMAT = dwarf;
				ENABLE_STRICT_OBJC_MSGSEND = YES;
				ENABLE_TESTABILITY = YES;
				GCC_C_LANGUAGE_STANDARD = gnu11;
				GCC_DYNAMIC_NO_PIC = NO;
				GCC_NO_COMMON_BLOCKS = YES;
				GCC_OPTIMIZATION_LEVEL = 0;
				GCC_PREPROCESSOR_DEFINITIONS = (
					"DEBUG=1",
					"$(inherited)",
				);
				GCC_WARN_64_TO_32_BIT_CONVERSION = YES;
				GCC_WARN_ABOUT_RETURN_TYPE = YES_ERROR;
				GCC_WARN_UNDECLARED_SELECTOR = YES;
				GCC_WARN_UNINITIALIZED_AUTOS = YES_AGGRESSIVE;
				GCC_WARN_UNUSED_FUNCTION = YES;
				GCC_WARN_UNUSED_VARIABLE = YES;
				MTL_ENABLE_DEBUG_INFO = INCLUDE_SOURCE;
				MTL_FAST_MATH = YES;
				ONLY_ACTIVE_ARCH = YES;
				SWIFT_ACTIVE_COMPILATION_CONDITIONS = DEBUG;
				SWIFT_OPTIMIZATION_LEVEL = "-Onone";
			};
			name = Debug;
		};
		DD754E1F2881AFF2003C324D /* Release */ = {
			isa = XCBuildConfiguration;
			buildSettings = {
				ALWAYS_SEARCH_USER_PATHS = NO;
				CLANG_ANALYZER_NONNULL = YES;
				CLANG_ANALYZER_NUMBER_OBJECT_CONVERSION = YES_AGGRESSIVE;
				CLANG_CXX_LANGUAGE_STANDARD = "gnu++17";
				CLANG_ENABLE_MODULES = YES;
				CLANG_ENABLE_OBJC_ARC = YES;
				CLANG_ENABLE_OBJC_WEAK = YES;
				CLANG_WARN_BLOCK_CAPTURE_AUTORELEASING = YES;
				CLANG_WARN_BOOL_CONVERSION = YES;
				CLANG_WARN_COMMA = YES;
				CLANG_WARN_CONSTANT_CONVERSION = YES;
				CLANG_WARN_DEPRECATED_OBJC_IMPLEMENTATIONS = YES;
				CLANG_WARN_DIRECT_OBJC_ISA_USAGE = YES_ERROR;
				CLANG_WARN_DOCUMENTATION_COMMENTS = YES;
				CLANG_WARN_EMPTY_BODY = YES;
				CLANG_WARN_ENUM_CONVERSION = YES;
				CLANG_WARN_INFINITE_RECURSION = YES;
				CLANG_WARN_INT_CONVERSION = YES;
				CLANG_WARN_NON_LITERAL_NULL_CONVERSION = YES;
				CLANG_WARN_OBJC_IMPLICIT_RETAIN_SELF = YES;
				CLANG_WARN_OBJC_LITERAL_CONVERSION = YES;
				CLANG_WARN_OBJC_ROOT_CLASS = YES_ERROR;
				CLANG_WARN_QUOTED_INCLUDE_IN_FRAMEWORK_HEADER = YES;
				CLANG_WARN_RANGE_LOOP_ANALYSIS = YES;
				CLANG_WARN_STRICT_PROTOTYPES = YES;
				CLANG_WARN_SUSPICIOUS_MOVE = YES;
				CLANG_WARN_UNGUARDED_AVAILABILITY = YES_AGGRESSIVE;
				CLANG_WARN_UNREACHABLE_CODE = YES;
				CLANG_WARN__DUPLICATE_METHOD_MATCH = YES;
				COPY_PHASE_STRIP = NO;
				DEBUG_INFORMATION_FORMAT = "dwarf-with-dsym";
				ENABLE_NS_ASSERTIONS = NO;
				ENABLE_STRICT_OBJC_MSGSEND = YES;
				GCC_C_LANGUAGE_STANDARD = gnu11;
				GCC_NO_COMMON_BLOCKS = YES;
				GCC_WARN_64_TO_32_BIT_CONVERSION = YES;
				GCC_WARN_ABOUT_RETURN_TYPE = YES_ERROR;
				GCC_WARN_UNDECLARED_SELECTOR = YES;
				GCC_WARN_UNINITIALIZED_AUTOS = YES_AGGRESSIVE;
				GCC_WARN_UNUSED_FUNCTION = YES;
				GCC_WARN_UNUSED_VARIABLE = YES;
				MTL_ENABLE_DEBUG_INFO = NO;
				MTL_FAST_MATH = YES;
				SWIFT_COMPILATION_MODE = wholemodule;
				SWIFT_OPTIMIZATION_LEVEL = "-O";
			};
			name = Release;
		};
		DD754E212881AFF2003C324D /* Debug */ = {
			isa = XCBuildConfiguration;
			buildSettings = {
				ASSETCATALOG_COMPILER_APPICON_NAME = AppIcon;
				ASSETCATALOG_COMPILER_GLOBAL_ACCENT_COLOR_NAME = AccentColor;
				CODE_SIGN_STYLE = Automatic;
				CURRENT_PROJECT_VERSION = 1;
				DEVELOPMENT_TEAM = 86MG9KVY7T;
				ENABLE_PREVIEWS = YES;
				GENERATE_INFOPLIST_FILE = YES;
				INFOPLIST_FILE = "SampleiOS--iOS--Info.plist";
				INFOPLIST_KEY_NSBluetoothAlwaysUsageDescription = Teste;
				INFOPLIST_KEY_UIApplicationSceneManifest_Generation = YES;
				INFOPLIST_KEY_UIApplicationSupportsIndirectInputEvents = YES;
				INFOPLIST_KEY_UILaunchScreen_Generation = YES;
				INFOPLIST_KEY_UISupportedInterfaceOrientations = UIInterfaceOrientationPortrait;
				INFOPLIST_KEY_UISupportedInterfaceOrientations_iPad = "UIInterfaceOrientationPortrait UIInterfaceOrientationPortraitUpsideDown UIInterfaceOrientationLandscapeLeft UIInterfaceOrientationLandscapeRight";
				INFOPLIST_KEY_UISupportedInterfaceOrientations_iPhone = "UIInterfaceOrientationPortrait UIInterfaceOrientationLandscapeLeft UIInterfaceOrientationLandscapeRight";
				IPHONEOS_DEPLOYMENT_TARGET = 14.0;
				LD_RUNPATH_SEARCH_PATHS = (
					"$(inherited)",
					"@executable_path/Frameworks",
				);
				MARKETING_VERSION = 1.0;
				PRODUCT_BUNDLE_IDENTIFIER = br.com.loopkey.SampleiOS;
				PRODUCT_NAME = SampleiOS;
				SDKROOT = iphoneos;
				SWIFT_EMIT_LOC_STRINGS = YES;
				SWIFT_VERSION = 5.0;
				TARGETED_DEVICE_FAMILY = 1;
			};
			name = Debug;
		};
		DD754E222881AFF2003C324D /* Release */ = {
			isa = XCBuildConfiguration;
			buildSettings = {
				ASSETCATALOG_COMPILER_APPICON_NAME = AppIcon;
				ASSETCATALOG_COMPILER_GLOBAL_ACCENT_COLOR_NAME = AccentColor;
				CODE_SIGN_STYLE = Automatic;
				CURRENT_PROJECT_VERSION = 1;
				DEVELOPMENT_TEAM = 86MG9KVY7T;
				ENABLE_PREVIEWS = YES;
				GENERATE_INFOPLIST_FILE = YES;
				INFOPLIST_FILE = "SampleiOS--iOS--Info.plist";
				INFOPLIST_KEY_NSBluetoothAlwaysUsageDescription = Teste;
				INFOPLIST_KEY_UIApplicationSceneManifest_Generation = YES;
				INFOPLIST_KEY_UIApplicationSupportsIndirectInputEvents = YES;
				INFOPLIST_KEY_UILaunchScreen_Generation = YES;
				INFOPLIST_KEY_UISupportedInterfaceOrientations = UIInterfaceOrientationPortrait;
				INFOPLIST_KEY_UISupportedInterfaceOrientations_iPad = "UIInterfaceOrientationPortrait UIInterfaceOrientationPortraitUpsideDown UIInterfaceOrientationLandscapeLeft UIInterfaceOrientationLandscapeRight";
				INFOPLIST_KEY_UISupportedInterfaceOrientations_iPhone = "UIInterfaceOrientationPortrait UIInterfaceOrientationLandscapeLeft UIInterfaceOrientationLandscapeRight";
				IPHONEOS_DEPLOYMENT_TARGET = 14.0;
				LD_RUNPATH_SEARCH_PATHS = (
					"$(inherited)",
					"@executable_path/Frameworks",
				);
				MARKETING_VERSION = 1.0;
				PRODUCT_BUNDLE_IDENTIFIER = br.com.loopkey.SampleiOS;
				PRODUCT_NAME = SampleiOS;
				SDKROOT = iphoneos;
				SWIFT_EMIT_LOC_STRINGS = YES;
				SWIFT_VERSION = 5.0;
				TARGETED_DEVICE_FAMILY = 1;
				VALIDATE_PRODUCT = YES;
			};
			name = Release;
		};
/* End XCBuildConfiguration section */

/* Begin XCConfigurationList section */
		DD754E062881AFF1003C324D /* Build configuration list for PBXProject "SampleiOS" */ = {
			isa = XCConfigurationList;
			buildConfigurations = (
				DD754E1E2881AFF2003C324D /* Debug */,
				DD754E1F2881AFF2003C324D /* Release */,
			);
			defaultConfigurationIsVisible = 0;
			defaultConfigurationName = Release;
		};
		DD754E202881AFF2003C324D /* Build configuration list for PBXNativeTarget "SampleiOS (iOS)" */ = {
			isa = XCConfigurationList;
			buildConfigurations = (
				DD754E212881AFF2003C324D /* Debug */,
				DD754E222881AFF2003C324D /* Release */,
			);
			defaultConfigurationIsVisible = 0;
			defaultConfigurationName = Release;
		};
/* End XCConfigurationList section */
	};
	rootObject = DD754E032881AFF1003C324D /* Project object */;
}
